
Microsoft Visual Studio Solution File, Format Version 12.00
# Visual Studio Version 17
VisualStudioVersion = 17.13.36105.23 d17.13
MinimumVisualStudioVersion = 10.0.40219.1
Project("{FAE04EC0-301F-11D3-BF4B-00C04F79EFBC}") = "cxp", "cxp.csproj", "{72876057-339B-9965-C6B3-71F602EE3037}"
EndProject
Global
	GlobalSection(SolutionConfigurationPlatforms) = preSolution
		Debug|Any CPU = Debug|Any CPU
		Release|Any CPU = Release|Any CPU
	EndGlobalSection
	GlobalSection(ProjectConfigurationPlatforms) = postSolution
		{72876057-339B-9965-C6B3-71F602EE3037}.Debug|Any CPU.ActiveCfg = Debug|Any CPU
		{72876057-339B-9965-C6B3-71F602EE3037}.Debug|Any CPU.Build.0 = Debug|Any CPU
		{72876057-339B-9965-C6B3-71F602EE3037}.Release|Any CPU.ActiveCfg = Release|Any CPU
		{72876057-339B-9965-C6B3-71F602EE3037}.Release|Any CPU.Build.0 = Release|Any CPU
	EndGlobalSection
	GlobalSection(SolutionProperties) = preSolution
		HideSolutionNode = FALSE
	EndGlobalSection
	GlobalSection(ExtensibilityGlobals) = postSolution
		SolutionGuid = {B338E221-7448-480A-89DA-6352DCC89B2A}
	EndGlobalSection
EndGlobal
